
Microsoft Visual Studio Solution File, Format Version 12.00
# Visual Studio Version 17
VisualStudioVersion = 17.5.2.0
MinimumVisualStudioVersion = 10.0.40219.1
Project("{FAE04EC0-301F-11D3-BF4B-00C04F79EFBC}") = "Backend", "Backend\Backend.csproj", "{B5CEE1AB-68C5-FCEC-EA61-653FFB609ED2}"
EndProject
Project("{FAE04EC0-301F-11D3-BF4B-00C04F79EFBC}") = "Backend.Tests", "Backend.Tests\Backend.Tests.csproj", "{6463202F-5B58-F17D-753B-67F5FF06B764}"
EndProject
Project("{FAE04EC0-301F-11D3-BF4B-00C04F79EFBC}") = "Backend.IntegrationTests", "Backend.IntegrationTests\Backend.IntegrationTests.csproj", "{9B7FC9CE-6494-4213-9780-8DE98DD73CE2}"
EndProject
Global
	GlobalSection(SolutionConfigurationPlatforms) = preSolution
		Debug|Any CPU = Debug|Any CPU
		Debug|x64 = Debug|x64
		Debug|x86 = Debug|x86
		Release|Any CPU = Release|Any CPU
		Release|x64 = Release|x64
		Release|x86 = Release|x86
	EndGlobalSection
	GlobalSection(ProjectConfigurationPlatforms) = postSolution
		{B5CEE1AB-68C5-FCEC-EA61-653FFB609ED2}.Debug|Any CPU.ActiveCfg = Debug|Any CPU
		{B5CEE1AB-68C5-FCEC-EA61-653FFB609ED2}.Debug|Any CPU.Build.0 = Debug|Any CPU
		{B5CEE1AB-68C5-FCEC-EA61-653FFB609ED2}.Debug|x64.ActiveCfg = Debug|Any CPU
		{B5CEE1AB-68C5-FCEC-EA61-653FFB609ED2}.Debug|x64.Build.0 = Debug|Any CPU
		{B5CEE1AB-68C5-FCEC-EA61-653FFB609ED2}.Debug|x86.ActiveCfg = Debug|Any CPU
		{B5CEE1AB-68C5-FCEC-EA61-653FFB609ED2}.Debug|x86.Build.0 = Debug|Any CPU
		{B5CEE1AB-68C5-FCEC-EA61-653FFB609ED2}.Release|Any CPU.ActiveCfg = Release|Any CPU
		{B5CEE1AB-68C5-FCEC-EA61-653FFB609ED2}.Release|Any CPU.Build.0 = Release|Any CPU
		{B5CEE1AB-68C5-FCEC-EA61-653FFB609ED2}.Release|x64.ActiveCfg = Release|Any CPU
		{B5CEE1AB-68C5-FCEC-EA61-653FFB609ED2}.Release|x64.Build.0 = Release|Any CPU
		{B5CEE1AB-68C5-FCEC-EA61-653FFB609ED2}.Release|x86.ActiveCfg = Release|Any CPU
		{B5CEE1AB-68C5-FCEC-EA61-653FFB609ED2}.Release|x86.Build.0 = Release|Any CPU
		{6463202F-5B58-F17D-753B-67F5FF06B764}.Debug|Any CPU.ActiveCfg = Debug|Any CPU
		{6463202F-5B58-F17D-753B-67F5FF06B764}.Debug|Any CPU.Build.0 = Debug|Any CPU
		{6463202F-5B58-F17D-753B-67F5FF06B764}.Debug|x64.ActiveCfg = Debug|Any CPU
		{6463202F-5B58-F17D-753B-67F5FF06B764}.Debug|x64.Build.0 = Debug|Any CPU
		{6463202F-5B58-F17D-753B-67F5FF06B764}.Debug|x86.ActiveCfg = Debug|Any CPU
		{6463202F-5B58-F17D-753B-67F5FF06B764}.Debug|x86.Build.0 = Debug|Any CPU
		{6463202F-5B58-F17D-753B-67F5FF06B764}.Release|Any CPU.ActiveCfg = Release|Any CPU
		{6463202F-5B58-F17D-753B-67F5FF06B764}.Release|Any CPU.Build.0 = Release|Any CPU
		{6463202F-5B58-F17D-753B-67F5FF06B764}.Release|x64.ActiveCfg = Release|Any CPU
		{6463202F-5B58-F17D-753B-67F5FF06B764}.Release|x64.Build.0 = Release|Any CPU
		{6463202F-5B58-F17D-753B-67F5FF06B764}.Release|x86.ActiveCfg = Release|Any CPU
		{6463202F-5B58-F17D-753B-67F5FF06B764}.Release|x86.Build.0 = Release|Any CPU
		{9B7FC9CE-6494-4213-9780-8DE98DD73CE2}.Debug|Any CPU.ActiveCfg = Debug|Any CPU
		{9B7FC9CE-6494-4213-9780-8DE98DD73CE2}.Debug|Any CPU.Build.0 = Debug|Any CPU
		{9B7FC9CE-6494-4213-9780-8DE98DD73CE2}.Debug|x64.ActiveCfg = Debug|Any CPU
		{9B7FC9CE-6494-4213-9780-8DE98DD73CE2}.Debug|x64.Build.0 = Debug|Any CPU
		{9B7FC9CE-6494-4213-9780-8DE98DD73CE2}.Debug|x86.ActiveCfg = Debug|Any CPU
		{9B7FC9CE-6494-4213-9780-8DE98DD73CE2}.Debug|x86.Build.0 = Debug|Any CPU
		{9B7FC9CE-6494-4213-9780-8DE98DD73CE2}.Release|Any CPU.ActiveCfg = Release|Any CPU
		{9B7FC9CE-6494-4213-9780-8DE98DD73CE2}.Release|Any CPU.Build.0 = Release|Any CPU
		{9B7FC9CE-6494-4213-9780-8DE98DD73CE2}.Release|x64.ActiveCfg = Release|Any CPU
		{9B7FC9CE-6494-4213-9780-8DE98DD73CE2}.Release|x64.Build.0 = Release|Any CPU
		{9B7FC9CE-6494-4213-9780-8DE98DD73CE2}.Release|x86.ActiveCfg = Release|Any CPU
		{9B7FC9CE-6494-4213-9780-8DE98DD73CE2}.Release|x86.Build.0 = Release|Any CPU
	EndGlobalSection
	GlobalSection(SolutionProperties) = preSolution
		HideSolutionNode = FALSE
	EndGlobalSection
	GlobalSection(ExtensibilityGlobals) = postSolution
		SolutionGuid = {DD389E3F-DAE3-4BA9-AB31-172827C2AE69}
	EndGlobalSection
EndGlobal
